
Microsoft Visual Studio Solution File, Format Version 12.00
# Visual Studio Version 17
VisualStudioVersion = 17.9.34728.123
MinimumVisualStudioVersion = 10.0.40219.1
Project("{8BC9CEB8-8B4A-11D0-8D11-00A0C91BC942}") = "ЛР-19", "ЛР-19\ЛР-19.vcxproj", "{3D6DCE84-E911-452A-A959-3530F4789D7A}"
EndProject
Global
	GlobalSection(SolutionConfigurationPlatforms) = preSolution
		Debug|x64 = Debug|x64
		Debug|x86 = Debug|x86
		Release|x64 = Release|x64
		Release|x86 = Release|x86
	EndGlobalSection
	GlobalSection(ProjectConfigurationPlatforms) = postSolution
		{3D6DCE84-E911-452A-A959-3530F4789D7A}.Debug|x64.ActiveCfg = Debug|x64
		{3D6DCE84-E911-452A-A959-3530F4789D7A}.Debug|x64.Build.0 = Debug|x64
		{3D6DCE84-E911-452A-A959-3530F4789D7A}.Debug|x86.ActiveCfg = Debug|Win32
		{3D6DCE84-E911-452A-A959-3530F4789D7A}.Debug|x86.Build.0 = Debug|Win32
		{3D6DCE84-E911-452A-A959-3530F4789D7A}.Release|x64.ActiveCfg = Release|x64
		{3D6DCE84-E911-452A-A959-3530F4789D7A}.Release|x64.Build.0 = Release|x64
		{3D6DCE84-E911-452A-A959-3530F4789D7A}.Release|x86.ActiveCfg = Release|Win32
		{3D6DCE84-E911-452A-A959-3530F4789D7A}.Release|x86.Build.0 = Release|Win32
	EndGlobalSection
	GlobalSection(SolutionProperties) = preSolution
		HideSolutionNode = FALSE
	EndGlobalSection
	GlobalSection(ExtensibilityGlobals) = postSolution
		SolutionGuid = {8E751D98-4F4E-40C7-BB9F-ADE79CC384EC}
	EndGlobalSection
EndGlobal
